
Microsoft Visual Studio Solution File, Format Version 12.00
# Visual Studio Version 17
VisualStudioVersion = 17.4.33110.190
MinimumVisualStudioVersion = 10.0.40219.1
Project("{9A19103F-16F7-4668-BE54-9A1E7A4F7556}") = "FolderThumbnailExplorer", "FolderThumbnailExplorer.csproj", "{B276C924-5764-4306-93B5-07AF2BF97160}"
EndProject
Global
	GlobalSection(SolutionConfigurationPlatforms) = preSolution
		Debug|Any CPU = Debug|Any CPU
		Release|Any CPU = Release|Any CPU
	EndGlobalSection
	GlobalSection(ProjectConfigurationPlatforms) = postSolution
		{B276C924-5764-4306-93B5-07AF2BF97160}.Debug|Any CPU.ActiveCfg = Debug|Any CPU
		{B276C924-5764-4306-93B5-07AF2BF97160}.Debug|Any CPU.Build.0 = Debug|Any CPU
		{B276C924-5764-4306-93B5-07AF2BF97160}.Release|Any CPU.ActiveCfg = Release|Any CPU
		{B276C924-5764-4306-93B5-07AF2BF97160}.Release|Any CPU.Build.0 = Release|Any CPU
	EndGlobalSection
	GlobalSection(SolutionProperties) = preSolution
		HideSolutionNode = FALSE
	EndGlobalSection
	GlobalSection(ExtensibilityGlobals) = postSolution
		SolutionGuid = {6B1B3B82-F356-4F43-8695-6C889190A4CB}
	EndGlobalSection
EndGlobal
